
Microsoft Visual Studio Solution File, Format Version 12.00
# Visual Studio Version 17
VisualStudioVersion = 17.5.002.0
MinimumVisualStudioVersion = 10.0.40219.1
Project("{9A19103F-16F7-4668-BE54-9A1E7A4F7556}") = "Dz_001", "Dz_001\Dz_001.csproj", "{4BDC3399-0295-43A0-ADF6-F6C0E9C117B3}"
EndProject
Global
	GlobalSection(SolutionConfigurationPlatforms) = preSolution
		Debug|Any CPU = Debug|Any CPU
		Release|Any CPU = Release|Any CPU
	EndGlobalSection
	GlobalSection(ProjectConfigurationPlatforms) = postSolution
		{4BDC3399-0295-43A0-ADF6-F6C0E9C117B3}.Debug|Any CPU.ActiveCfg = Debug|Any CPU
		{4BDC3399-0295-43A0-ADF6-F6C0E9C117B3}.Debug|Any CPU.Build.0 = Debug|Any CPU
		{4BDC3399-0295-43A0-ADF6-F6C0E9C117B3}.Release|Any CPU.ActiveCfg = Release|Any CPU
		{4BDC3399-0295-43A0-ADF6-F6C0E9C117B3}.Release|Any CPU.Build.0 = Release|Any CPU
	EndGlobalSection
	GlobalSection(SolutionProperties) = preSolution
		HideSolutionNode = FALSE
	EndGlobalSection
	GlobalSection(ExtensibilityGlobals) = postSolution
		SolutionGuid = {297FDE79-2770-477F-B87E-F4A976214804}
	EndGlobalSection
EndGlobal
